{
  "name": "yext-js",
  "version": "0.0.0",
  "lockfileVersion": 3,
  "requires": true,
  "packages": {
    "": {
      "name": "yext-js",
      "version": "0.0.0",
      "workspaces": [
        "apps/*",
        "packages/*"
      ],
      "devDependencies": {
        "turbo": "^1.10.6"
      },
      "engines": {
        "node": ">=14.0.0"
      }
    },
    "node_modules/turbo": {
      "version": "1.10.6",
      "dev": true,
      "hasInstallScript": true,
      "license": "MPL-2.0",
      "bin": {
        "turbo": "bin/turbo"
      },
      "optionalDependencies": {
        "turbo-darwin-64": "1.10.6",
        "turbo-darwin-arm64": "1.10.6",
        "turbo-linux-64": "1.10.6",
        "turbo-linux-arm64": "1.10.6",
        "turbo-windows-64": "1.10.6",
        "turbo-windows-arm64": "1.10.6"
      }
    },
    "node_modules/turbo-darwin-64": {
      "version": "1.10.6",
      "cpu": [
        "x64"
      ],
      "dev": true,
      "license": "MPL-2.0",
      "optional": true,
      "os": [
        "darwin"
      ]
    }
  }
}
